
Microsoft Visual Studio Solution File, Format Version 12.00
# Visual Studio 15
VisualStudioVersion = 15.0.28307.902
MinimumVisualStudioVersion = 10.0.40219.1
Project("{FAE04EC0-301F-11D3-BF4B-00C04F79EFBC}") = "ConsoleApp1", "ConsoleApp1\ConsoleApp1.csproj", "{94D75EF0-289E-4DC7-A593-602F921423B5}"
EndProject
Project("{FAE04EC0-301F-11D3-BF4B-00C04F79EFBC}") = "OrderEngineLib", "OrderEngineLib\OrderEngineLib.csproj", "{3BE2F6C2-5FE1-46C0-AA89-1083A1C95568}"
EndProject
Global
	GlobalSection(SolutionConfigurationPlatforms) = preSolution
		Debug|Any CPU = Debug|Any CPU
		Release|Any CPU = Release|Any CPU
	EndGlobalSection
	GlobalSection(ProjectConfigurationPlatforms) = postSolution
		{94D75EF0-289E-4DC7-A593-602F921423B5}.Debug|Any CPU.ActiveCfg = Debug|Any CPU
		{94D75EF0-289E-4DC7-A593-602F921423B5}.Debug|Any CPU.Build.0 = Debug|Any CPU
		{94D75EF0-289E-4DC7-A593-602F921423B5}.Release|Any CPU.ActiveCfg = Release|Any CPU
		{94D75EF0-289E-4DC7-A593-602F921423B5}.Release|Any CPU.Build.0 = Release|Any CPU
		{3BE2F6C2-5FE1-46C0-AA89-1083A1C95568}.Debug|Any CPU.ActiveCfg = Debug|Any CPU
		{3BE2F6C2-5FE1-46C0-AA89-1083A1C95568}.Debug|Any CPU.Build.0 = Debug|Any CPU
		{3BE2F6C2-5FE1-46C0-AA89-1083A1C95568}.Release|Any CPU.ActiveCfg = Release|Any CPU
		{3BE2F6C2-5FE1-46C0-AA89-1083A1C95568}.Release|Any CPU.Build.0 = Release|Any CPU
	EndGlobalSection
	GlobalSection(SolutionProperties) = preSolution
		HideSolutionNode = FALSE
	EndGlobalSection
	GlobalSection(ExtensibilityGlobals) = postSolution
		SolutionGuid = {362B4415-3E38-4A55-AF77-E2B18C20F4CD}
	EndGlobalSection
EndGlobal
